// !$*UTF8*$!
{
	archiveVersion = 1;
	classes = {
	};
	objectVersion = 56;
	objects = {

/* Begin PBXBuildFile section */
		5525ACC52C481315005ACA0C /* DetailedInfoVC.swift in Sources */ = {isa = PBXBuildFile; fileRef = 5525ACC42C481315005ACA0C /* DetailedInfoVC.swift */; };
		5525ACC72C481337005ACA0C /* InfoView.swift in Sources */ = {isa = PBXBuildFile; fileRef = 5525ACC62C481337005ACA0C /* InfoView.swift */; };
		5525ACC92C486F11005ACA0C /* FilterModel.swift in Sources */ = {isa = PBXBuildFile; fileRef = 5525ACC82C486F11005ACA0C /* FilterModel.swift */; };
		5525ACCC2C48767F005ACA0C /* FilterBottomVC.swift in Sources */ = {isa = PBXBuildFile; fileRef = 5525ACCB2C48767F005ACA0C /* FilterBottomVC.swift */; };
		5525ACCE2C48FCD5005ACA0C /* FilterBottomView.swift in Sources */ = {isa = PBXBuildFile; fileRef = 5525ACCD2C48FCD5005ACA0C /* FilterBottomView.swift */; };
		5525ACD02C48FD01005ACA0C /* FilterSearchView.swift in Sources */ = {isa = PBXBuildFile; fileRef = 5525ACCF2C48FD01005ACA0C /* FilterSearchView.swift */; };
		5525ACD42C49066B005ACA0C /* FilterToggleButton.swift in Sources */ = {isa = PBXBuildFile; fileRef = 5525ACD32C49066B005ACA0C /* FilterToggleButton.swift */; };
		5525ACD82C491F08005ACA0C /* CustomAquaButton.swift in Sources */ = {isa = PBXBuildFile; fileRef = 5525ACD72C491F08005ACA0C /* CustomAquaButton.swift */; };
		5525ACDC2C497EDF005ACA0C /* PlainImageButton.swift in Sources */ = {isa = PBXBuildFile; fileRef = 5525ACDB2C497EDF005ACA0C /* PlainImageButton.swift */; };
		5525ACDF2C498350005ACA0C /* FilterOverviewButton.swift in Sources */ = {isa = PBXBuildFile; fileRef = 5525ACDE2C498350005ACA0C /* FilterOverviewButton.swift */; };
		5525ACE12C4989D5005ACA0C /* FilterPresenter.swift in Sources */ = {isa = PBXBuildFile; fileRef = 5525ACE02C4989D5005ACA0C /* FilterPresenter.swift */; };
		5525ACE92C499EBC005ACA0C /* SearchTextField.swift in Sources */ = {isa = PBXBuildFile; fileRef = 5525ACE82C499EBC005ACA0C /* SearchTextField.swift */; };
		5525ACEE2C4AA89E005ACA0C /* RefreshCharactersCollectionViewCell.swift in Sources */ = {isa = PBXBuildFile; fileRef = 5525ACED2C4AA89E005ACA0C /* RefreshCharactersCollectionViewCell.swift */; };
		5525ACF02C4AA946005ACA0C /* NothingFoundCharactersCollectionViewCell.swift in Sources */ = {isa = PBXBuildFile; fileRef = 5525ACEF2C4AA946005ACA0C /* NothingFoundCharactersCollectionViewCell.swift */; };
		55B5AB342C47C4BE00250304 /* AppDelegate.swift in Sources */ = {isa = PBXBuildFile; fileRef = 55B5AB332C47C4BE00250304 /* AppDelegate.swift */; };
		55B5AB362C47C4BE00250304 /* SceneDelegate.swift in Sources */ = {isa = PBXBuildFile; fileRef = 55B5AB352C47C4BE00250304 /* SceneDelegate.swift */; };
		55B5AB382C47C4BE00250304 /* MainVC.swift in Sources */ = {isa = PBXBuildFile; fileRef = 55B5AB372C47C4BE00250304 /* MainVC.swift */; };
		55B5AB3D2C47C4C200250304 /* Assets.xcassets in Resources */ = {isa = PBXBuildFile; fileRef = 55B5AB3C2C47C4C200250304 /* Assets.xcassets */; };
		55B5AB402C47C4C200250304 /* Base in Resources */ = {isa = PBXBuildFile; fileRef = 55B5AB3F2C47C4C200250304 /* Base */; };
		55B5AB492C47C5CD00250304 /* DataStorage.swift in Sources */ = {isa = PBXBuildFile; fileRef = 55B5AB482C47C5CD00250304 /* DataStorage.swift */; };
		55B5AB4B2C47C5F300250304 /* NetworkManager.swift in Sources */ = {isa = PBXBuildFile; fileRef = 55B5AB4A2C47C5F300250304 /* NetworkManager.swift */; };
		55B5AB542C47C9DC00250304 /* MainPresenter.swift in Sources */ = {isa = PBXBuildFile; fileRef = 55B5AB532C47C9DC00250304 /* MainPresenter.swift */; };
		55B5AB5B2C47CCAE00250304 /* UIViewController + ext.swift in Sources */ = {isa = PBXBuildFile; fileRef = 55B5AB5A2C47CCAE00250304 /* UIViewController + ext.swift */; };
		55B5AB632C47CF5500250304 /* Fonts.swift in Sources */ = {isa = PBXBuildFile; fileRef = 55B5AB622C47CF5500250304 /* Fonts.swift */; };
		55B5AB692C47E03C00250304 /* CharactersCollectionViewCell.swift in Sources */ = {isa = PBXBuildFile; fileRef = 55B5AB682C47E03C00250304 /* CharactersCollectionViewCell.swift */; };
		55B5AB6C2C47E09500250304 /* NavigationController.swift in Sources */ = {isa = PBXBuildFile; fileRef = 55B5AB6B2C47E09500250304 /* NavigationController.swift */; };
		55B5AB6F2C47E6D800250304 /* Character.swift in Sources */ = {isa = PBXBuildFile; fileRef = 55B5AB6E2C47E6D800250304 /* Character.swift */; };
		55B5AB712C47F55A00250304 /* CharactersCollectionView.swift in Sources */ = {isa = PBXBuildFile; fileRef = 55B5AB702C47F55A00250304 /* CharactersCollectionView.swift */; };
		55B5AB732C48062900250304 /* IBMPlexSans-SemiBold.ttf in Resources */ = {isa = PBXBuildFile; fileRef = 55B5AB6D2C47E3EB00250304 /* IBMPlexSans-SemiBold.ttf */; };
		55B5AB742C48062B00250304 /* IBMPlexSans-Bold.ttf in Resources */ = {isa = PBXBuildFile; fileRef = 55B5AB5F2C47CDDB00250304 /* IBMPlexSans-Bold.ttf */; };
		55B5AB752C48062D00250304 /* IBMPlexSans-Medium.ttf in Resources */ = {isa = PBXBuildFile; fileRef = 55B5AB602C47CDDB00250304 /* IBMPlexSans-Medium.ttf */; };
		55B5AB762C48062F00250304 /* IBMPlexSans-Regular.ttf in Resources */ = {isa = PBXBuildFile; fileRef = 55B5AB5E2C47CDDB00250304 /* IBMPlexSans-Regular.ttf */; };
/* End PBXBuildFile section */

/* Begin PBXFileReference section */
		5525ACC42C481315005ACA0C /* DetailedInfoVC.swift */ = {isa = PBXFileReference; lastKnownFileType = sourcecode.swift; path = DetailedInfoVC.swift; sourceTree = "<group>"; };
		5525ACC62C481337005ACA0C /* InfoView.swift */ = {isa = PBXFileReference; lastKnownFileType = sourcecode.swift; path = InfoView.swift; sourceTree = "<group>"; };
		5525ACC82C486F11005ACA0C /* FilterModel.swift */ = {isa = PBXFileReference; lastKnownFileType = sourcecode.swift; path = FilterModel.swift; sourceTree = "<group>"; };
		5525ACCB2C48767F005ACA0C /* FilterBottomVC.swift */ = {isa = PBXFileReference; lastKnownFileType = sourcecode.swift; path = FilterBottomVC.swift; sourceTree = "<group>"; };
		5525ACCD2C48FCD5005ACA0C /* FilterBottomView.swift */ = {isa = PBXFileReference; lastKnownFileType = sourcecode.swift; path = FilterBottomView.swift; sourceTree = "<group>"; };
		5525ACCF2C48FD01005ACA0C /* FilterSearchView.swift */ = {isa = PBXFileReference; lastKnownFileType = sourcecode.swift; path = FilterSearchView.swift; sourceTree = "<group>"; };
		5525ACD32C49066B005ACA0C /* FilterToggleButton.swift */ = {isa = PBXFileReference; lastKnownFileType = sourcecode.swift; path = FilterToggleButton.swift; sourceTree = "<group>"; };
		5525ACD72C491F08005ACA0C /* CustomAquaButton.swift */ = {isa = PBXFileReference; lastKnownFileType = sourcecode.swift; path = CustomAquaButton.swift; sourceTree = "<group>"; };
		5525ACDB2C497EDF005ACA0C /* PlainImageButton.swift */ = {isa = PBXFileReference; lastKnownFileType = sourcecode.swift; path = PlainImageButton.swift; sourceTree = "<group>"; };
		5525ACDE2C498350005ACA0C /* FilterOverviewButton.swift */ = {isa = PBXFileReference; lastKnownFileType = sourcecode.swift; path = FilterOverviewButton.swift; sourceTree = "<group>"; };
		5525ACE02C4989D5005ACA0C /* FilterPresenter.swift */ = {isa = PBXFileReference; lastKnownFileType = sourcecode.swift; path = FilterPresenter.swift; sourceTree = "<group>"; };
		5525ACE82C499EBC005ACA0C /* SearchTextField.swift */ = {isa = PBXFileReference; lastKnownFileType = sourcecode.swift; path = SearchTextField.swift; sourceTree = "<group>"; };
		5525ACED2C4AA89E005ACA0C /* RefreshCharactersCollectionViewCell.swift */ = {isa = PBXFileReference; lastKnownFileType = sourcecode.swift; path = RefreshCharactersCollectionViewCell.swift; sourceTree = "<group>"; };
		5525ACEF2C4AA946005ACA0C /* NothingFoundCharactersCollectionViewCell.swift */ = {isa = PBXFileReference; lastKnownFileType = sourcecode.swift; path = NothingFoundCharactersCollectionViewCell.swift; sourceTree = "<group>"; };
		55B5AB302C47C4BE00250304 /* RickAndMortyCharacters.app */ = {isa = PBXFileReference; explicitFileType = wrapper.application; includeInIndex = 0; path = RickAndMortyCharacters.app; sourceTree = BUILT_PRODUCTS_DIR; };
		55B5AB332C47C4BE00250304 /* AppDelegate.swift */ = {isa = PBXFileReference; lastKnownFileType = sourcecode.swift; path = AppDelegate.swift; sourceTree = "<group>"; };
		55B5AB352C47C4BE00250304 /* SceneDelegate.swift */ = {isa = PBXFileReference; lastKnownFileType = sourcecode.swift; path = SceneDelegate.swift; sourceTree = "<group>"; };
		55B5AB372C47C4BE00250304 /* MainVC.swift */ = {isa = PBXFileReference; lastKnownFileType = sourcecode.swift; path = MainVC.swift; sourceTree = "<group>"; };
		55B5AB3C2C47C4C200250304 /* Assets.xcassets */ = {isa = PBXFileReference; lastKnownFileType = folder.assetcatalog; path = Assets.xcassets; sourceTree = "<group>"; };
		55B5AB3F2C47C4C200250304 /* Base */ = {isa = PBXFileReference; lastKnownFileType = file.storyboard; name = Base; path = Base.lproj/LaunchScreen.storyboard; sourceTree = "<group>"; };
		55B5AB412C47C4C200250304 /* Info.plist */ = {isa = PBXFileReference; lastKnownFileType = text.plist.xml; path = Info.plist; sourceTree = "<group>"; };
		55B5AB482C47C5CD00250304 /* DataStorage.swift */ = {isa = PBXFileReference; lastKnownFileType = sourcecode.swift; path = DataStorage.swift; sourceTree = "<group>"; };
		55B5AB4A2C47C5F300250304 /* NetworkManager.swift */ = {isa = PBXFileReference; lastKnownFileType = sourcecode.swift; path = NetworkManager.swift; sourceTree = "<group>"; };
		55B5AB532C47C9DC00250304 /* MainPresenter.swift */ = {isa = PBXFileReference; lastKnownFileType = sourcecode.swift; path = MainPresenter.swift; sourceTree = "<group>"; };
		55B5AB5A2C47CCAE00250304 /* UIViewController + ext.swift */ = {isa = PBXFileReference; lastKnownFileType = sourcecode.swift; path = "UIViewController + ext.swift"; sourceTree = "<group>"; };
		55B5AB5E2C47CDDB00250304 /* IBMPlexSans-Regular.ttf */ = {isa = PBXFileReference; lastKnownFileType = file; path = "IBMPlexSans-Regular.ttf"; sourceTree = "<group>"; };
		55B5AB5F2C47CDDB00250304 /* IBMPlexSans-Bold.ttf */ = {isa = PBXFileReference; lastKnownFileType = file; path = "IBMPlexSans-Bold.ttf"; sourceTree = "<group>"; };
		55B5AB602C47CDDB00250304 /* IBMPlexSans-Medium.ttf */ = {isa = PBXFileReference; lastKnownFileType = file; path = "IBMPlexSans-Medium.ttf"; sourceTree = "<group>"; };
		55B5AB622C47CF5500250304 /* Fonts.swift */ = {isa = PBXFileReference; lastKnownFileType = sourcecode.swift; path = Fonts.swift; sourceTree = "<group>"; };
		55B5AB682C47E03C00250304 /* CharactersCollectionViewCell.swift */ = {isa = PBXFileReference; lastKnownFileType = sourcecode.swift; path = CharactersCollectionViewCell.swift; sourceTree = "<group>"; };
		55B5AB6B2C47E09500250304 /* NavigationController.swift */ = {isa = PBXFileReference; lastKnownFileType = sourcecode.swift; path = NavigationController.swift; sourceTree = "<group>"; };
		55B5AB6D2C47E3EB00250304 /* IBMPlexSans-SemiBold.ttf */ = {isa = PBXFileReference; lastKnownFileType = file; path = "IBMPlexSans-SemiBold.ttf"; sourceTree = "<group>"; };
		55B5AB6E2C47E6D800250304 /* Character.swift */ = {isa = PBXFileReference; lastKnownFileType = sourcecode.swift; path = Character.swift; sourceTree = "<group>"; };
		55B5AB702C47F55A00250304 /* CharactersCollectionView.swift */ = {isa = PBXFileReference; fileEncoding = 4; lastKnownFileType = sourcecode.swift; path = CharactersCollectionView.swift; sourceTree = "<group>"; };
/* End PBXFileReference section */

/* Begin PBXFrameworksBuildPhase section */
		55B5AB2D2C47C4BE00250304 /* Frameworks */ = {
			isa = PBXFrameworksBuildPhase;
			buildActionMask = 2147483647;
			files = (
			);
			runOnlyForDeploymentPostprocessing = 0;
		};
/* End PBXFrameworksBuildPhase section */

/* Begin PBXGroup section */
		5525ACC32C4812B4005ACA0C /* DetailedInfo */ = {
			isa = PBXGroup;
			children = (
				5525ACC42C481315005ACA0C /* DetailedInfoVC.swift */,
			);
			path = DetailedInfo;
			sourceTree = "<group>";
		};
		5525ACCA2C48736A005ACA0C /* Filter */ = {
			isa = PBXGroup;
			children = (
				5525ACCB2C48767F005ACA0C /* FilterBottomVC.swift */,
			);
			path = Filter;
			sourceTree = "<group>";
		};
		5525ACD62C491EDF005ACA0C /* Buttons */ = {
			isa = PBXGroup;
			children = (
				5525ACDE2C498350005ACA0C /* FilterOverviewButton.swift */,
				5525ACD32C49066B005ACA0C /* FilterToggleButton.swift */,
				5525ACD72C491F08005ACA0C /* CustomAquaButton.swift */,
				5525ACDB2C497EDF005ACA0C /* PlainImageButton.swift */,
			);
			path = Buttons;
			sourceTree = "<group>";
		};
		5525ACE22C499B5B005ACA0C /* Views */ = {
			isa = PBXGroup;
			children = (
				5525ACEA2C49AA8A005ACA0C /* Main */,
				5525ACE52C499BB4005ACA0C /* DetailedInfo */,
				5525ACE32C499B7B005ACA0C /* Filter */,
				5525ACE42C499B8C005ACA0C /* Collections */,
			);
			path = Views;
			sourceTree = "<group>";
		};
		5525ACE32C499B7B005ACA0C /* Filter */ = {
			isa = PBXGroup;
			children = (
				5525ACCD2C48FCD5005ACA0C /* FilterBottomView.swift */,
			);
			path = Filter;
			sourceTree = "<group>";
		};
		5525ACE42C499B8C005ACA0C /* Collections */ = {
			isa = PBXGroup;
			children = (
				55B5AB702C47F55A00250304 /* CharactersCollectionView.swift */,
				55B5AB642C47DF9E00250304 /* Cells */,
			);
			path = Collections;
			sourceTree = "<group>";
		};
		5525ACE52C499BB4005ACA0C /* DetailedInfo */ = {
			isa = PBXGroup;
			children = (
				5525ACC62C481337005ACA0C /* InfoView.swift */,
			);
			path = DetailedInfo;
			sourceTree = "<group>";
		};
		5525ACE62C499BE9005ACA0C /* TextFields */ = {
			isa = PBXGroup;
			children = (
				5525ACE82C499EBC005ACA0C /* SearchTextField.swift */,
			);
			path = TextFields;
			sourceTree = "<group>";
		};
		5525ACEA2C49AA8A005ACA0C /* Main */ = {
			isa = PBXGroup;
			children = (
				5525ACCF2C48FD01005ACA0C /* FilterSearchView.swift */,
			);
			path = Main;
			sourceTree = "<group>";
		};
		55B5AB272C47C4BE00250304 = {
			isa = PBXGroup;
			children = (
				55B5AB322C47C4BE00250304 /* RickAndMortyCharacters */,
				55B5AB312C47C4BE00250304 /* Products */,
			);
			sourceTree = "<group>";
		};
		55B5AB312C47C4BE00250304 /* Products */ = {
			isa = PBXGroup;
			children = (
				55B5AB302C47C4BE00250304 /* RickAndMortyCharacters.app */,
			);
			name = Products;
			sourceTree = "<group>";
		};
		55B5AB322C47C4BE00250304 /* RickAndMortyCharacters */ = {
			isa = PBXGroup;
			children = (
				55B5AB592C47CC7300250304 /* Extensions */,
				55B5AB472C47C5BB00250304 /* Services */,
				55B5AB652C47DFBF00250304 /* Models */,
				55B5AB4F2C47C98700250304 /* Presenters */,
				55B5AB502C47C99300250304 /* Controllers */,
				5525ACE22C499B5B005ACA0C /* Views */,
				5525ACD62C491EDF005ACA0C /* Buttons */,
				5525ACE62C499BE9005ACA0C /* TextFields */,
				55B5AB4C2C47C60900250304 /* App */,
				55B5AB612C47CF4600250304 /* Helpers */,
				55B5AB4D2C47C62100250304 /* Resources */,
			);
			path = RickAndMortyCharacters;
			sourceTree = "<group>";
		};
		55B5AB472C47C5BB00250304 /* Services */ = {
			isa = PBXGroup;
			children = (
				55B5AB482C47C5CD00250304 /* DataStorage.swift */,
				55B5AB4A2C47C5F300250304 /* NetworkManager.swift */,
			);
			path = Services;
			sourceTree = "<group>";
		};
		55B5AB4C2C47C60900250304 /* App */ = {
			isa = PBXGroup;
			children = (
				55B5AB332C47C4BE00250304 /* AppDelegate.swift */,
				55B5AB352C47C4BE00250304 /* SceneDelegate.swift */,
			);
			path = App;
			sourceTree = "<group>";
		};
		55B5AB4D2C47C62100250304 /* Resources */ = {
			isa = PBXGroup;
			children = (
				55B5AB5D2C47CDD100250304 /* Fonts */,
				55B5AB3C2C47C4C200250304 /* Assets.xcassets */,
				55B5AB3E2C47C4C200250304 /* LaunchScreen.storyboard */,
				55B5AB412C47C4C200250304 /* Info.plist */,
			);
			path = Resources;
			sourceTree = "<group>";
		};
		55B5AB4F2C47C98700250304 /* Presenters */ = {
			isa = PBXGroup;
			children = (
				55B5AB532C47C9DC00250304 /* MainPresenter.swift */,
				5525ACE02C4989D5005ACA0C /* FilterPresenter.swift */,
			);
			path = Presenters;
			sourceTree = "<group>";
		};
		55B5AB502C47C99300250304 /* Controllers */ = {
			isa = PBXGroup;
			children = (
				55B5AB6A2C47E07A00250304 /* Navigation */,
				55B5AB572C47C9F800250304 /* Main */,
				5525ACC32C4812B4005ACA0C /* DetailedInfo */,
			);
			path = Controllers;
			sourceTree = "<group>";
		};
		55B5AB572C47C9F800250304 /* Main */ = {
			isa = PBXGroup;
			children = (
				55B5AB372C47C4BE00250304 /* MainVC.swift */,
				5525ACCA2C48736A005ACA0C /* Filter */,
			);
			path = Main;
			sourceTree = "<group>";
		};
		55B5AB592C47CC7300250304 /* Extensions */ = {
			isa = PBXGroup;
			children = (
				55B5AB5A2C47CCAE00250304 /* UIViewController + ext.swift */,
			);
			path = Extensions;
			sourceTree = "<group>";
		};
		55B5AB5D2C47CDD100250304 /* Fonts */ = {
			isa = PBXGroup;
			children = (
				55B5AB6D2C47E3EB00250304 /* IBMPlexSans-SemiBold.ttf */,
				55B5AB5F2C47CDDB00250304 /* IBMPlexSans-Bold.ttf */,
				55B5AB602C47CDDB00250304 /* IBMPlexSans-Medium.ttf */,
				55B5AB5E2C47CDDB00250304 /* IBMPlexSans-Regular.ttf */,
			);
			path = Fonts;
			sourceTree = "<group>";
		};
		55B5AB612C47CF4600250304 /* Helpers */ = {
			isa = PBXGroup;
			children = (
				55B5AB622C47CF5500250304 /* Fonts.swift */,
			);
			path = Helpers;
			sourceTree = "<group>";
		};
		55B5AB642C47DF9E00250304 /* Cells */ = {
			isa = PBXGroup;
			children = (
				55B5AB682C47E03C00250304 /* CharactersCollectionViewCell.swift */,
				5525ACED2C4AA89E005ACA0C /* RefreshCharactersCollectionViewCell.swift */,
				5525ACEF2C4AA946005ACA0C /* NothingFoundCharactersCollectionViewCell.swift */,
			);
			path = Cells;
			sourceTree = "<group>";
		};
		55B5AB652C47DFBF00250304 /* Models */ = {
			isa = PBXGroup;
			children = (
				55B5AB6E2C47E6D800250304 /* Character.swift */,
				5525ACC82C486F11005ACA0C /* FilterModel.swift */,
			);
			path = Models;
			sourceTree = "<group>";
		};
		55B5AB6A2C47E07A00250304 /* Navigation */ = {
			isa = PBXGroup;
			children = (
				55B5AB6B2C47E09500250304 /* NavigationController.swift */,
			);
			path = Navigation;
			sourceTree = "<group>";
		};
/* End PBXGroup section */

/* Begin PBXNativeTarget section */
		55B5AB2F2C47C4BE00250304 /* RickAndMortyCharacters */ = {
			isa = PBXNativeTarget;
			buildConfigurationList = 55B5AB442C47C4C200250304 /* Build configuration list for PBXNativeTarget "RickAndMortyCharacters" */;
			buildPhases = (
				55B5AB2C2C47C4BE00250304 /* Sources */,
				55B5AB2D2C47C4BE00250304 /* Frameworks */,
				55B5AB2E2C47C4BE00250304 /* Resources */,
			);
			buildRules = (
			);
			dependencies = (
			);
			name = RickAndMortyCharacters;
			productName = RickAndMortyCharacters;
			productReference = 55B5AB302C47C4BE00250304 /* RickAndMortyCharacters.app */;
			productType = "com.apple.product-type.application";
		};
/* End PBXNativeTarget section */

/* Begin PBXProject section */
		55B5AB282C47C4BE00250304 /* Project object */ = {
			isa = PBXProject;
			attributes = {
				BuildIndependentTargetsInParallel = 1;
				LastSwiftUpdateCheck = 1530;
				LastUpgradeCheck = 1530;
				TargetAttributes = {
					55B5AB2F2C47C4BE00250304 = {
						CreatedOnToolsVersion = 15.3;
					};
				};
			};
			buildConfigurationList = 55B5AB2B2C47C4BE00250304 /* Build configuration list for PBXProject "RickAndMortyCharacters" */;
			compatibilityVersion = "Xcode 14.0";
			developmentRegion = en;
			hasScannedForEncodings = 0;
			knownRegions = (
				en,
				Base,
			);
			mainGroup = 55B5AB272C47C4BE00250304;
			productRefGroup = 55B5AB312C47C4BE00250304 /* Products */;
			projectDirPath = "";
			projectRoot = "";
			targets = (
				55B5AB2F2C47C4BE00250304 /* RickAndMortyCharacters */,
			);
		};
/* End PBXProject section */

/* Begin PBXResourcesBuildPhase section */
		55B5AB2E2C47C4BE00250304 /* Resources */ = {
			isa = PBXResourcesBuildPhase;
			buildActionMask = 2147483647;
			files = (
				55B5AB742C48062B00250304 /* IBMPlexSans-Bold.ttf in Resources */,
				55B5AB3D2C47C4C200250304 /* Assets.xcassets in Resources */,
				55B5AB732C48062900250304 /* IBMPlexSans-SemiBold.ttf in Resources */,
				55B5AB402C47C4C200250304 /* Base in Resources */,
				55B5AB762C48062F00250304 /* IBMPlexSans-Regular.ttf in Resources */,
				55B5AB752C48062D00250304 /* IBMPlexSans-Medium.ttf in Resources */,
			);
			runOnlyForDeploymentPostprocessing = 0;
		};
/* End PBXResourcesBuildPhase section */

/* Begin PBXSourcesBuildPhase section */
		55B5AB2C2C47C4BE00250304 /* Sources */ = {
			isa = PBXSourcesBuildPhase;
			buildActionMask = 2147483647;
			files = (
				5525ACC92C486F11005ACA0C /* FilterModel.swift in Sources */,
				5525ACC52C481315005ACA0C /* DetailedInfoVC.swift in Sources */,
				5525ACDC2C497EDF005ACA0C /* PlainImageButton.swift in Sources */,
				55B5AB6C2C47E09500250304 /* NavigationController.swift in Sources */,
				5525ACF02C4AA946005ACA0C /* NothingFoundCharactersCollectionViewCell.swift in Sources */,
				55B5AB632C47CF5500250304 /* Fonts.swift in Sources */,
				55B5AB382C47C4BE00250304 /* MainVC.swift in Sources */,
				5525ACCE2C48FCD5005ACA0C /* FilterBottomView.swift in Sources */,
				5525ACEE2C4AA89E005ACA0C /* RefreshCharactersCollectionViewCell.swift in Sources */,
				5525ACD42C49066B005ACA0C /* FilterToggleButton.swift in Sources */,
				55B5AB6F2C47E6D800250304 /* Character.swift in Sources */,
				55B5AB542C47C9DC00250304 /* MainPresenter.swift in Sources */,
				5525ACC72C481337005ACA0C /* InfoView.swift in Sources */,
				5525ACE12C4989D5005ACA0C /* FilterPresenter.swift in Sources */,
				55B5AB712C47F55A00250304 /* CharactersCollectionView.swift in Sources */,
				55B5AB692C47E03C00250304 /* CharactersCollectionViewCell.swift in Sources */,
				5525ACD82C491F08005ACA0C /* CustomAquaButton.swift in Sources */,
				55B5AB5B2C47CCAE00250304 /* UIViewController + ext.swift in Sources */,
				55B5AB342C47C4BE00250304 /* AppDelegate.swift in Sources */,
				5525ACCC2C48767F005ACA0C /* FilterBottomVC.swift in Sources */,
				55B5AB4B2C47C5F300250304 /* NetworkManager.swift in Sources */,
				55B5AB362C47C4BE00250304 /* SceneDelegate.swift in Sources */,
				5525ACD02C48FD01005ACA0C /* FilterSearchView.swift in Sources */,
				5525ACDF2C498350005ACA0C /* FilterOverviewButton.swift in Sources */,
				55B5AB492C47C5CD00250304 /* DataStorage.swift in Sources */,
				5525ACE92C499EBC005ACA0C /* SearchTextField.swift in Sources */,
			);
			runOnlyForDeploymentPostprocessing = 0;
		};
/* End PBXSourcesBuildPhase section */

/* Begin PBXVariantGroup section */
		55B5AB3E2C47C4C200250304 /* LaunchScreen.storyboard */ = {
			isa = PBXVariantGroup;
			children = (
				55B5AB3F2C47C4C200250304 /* Base */,
			);
			name = LaunchScreen.storyboard;
			sourceTree = "<group>";
		};
/* End PBXVariantGroup section */

/* Begin XCBuildConfiguration section */
		55B5AB422C47C4C200250304 /* Debug */ = {
			isa = XCBuildConfiguration;
			buildSettings = {
				ALWAYS_SEARCH_USER_PATHS = NO;
				ASSETCATALOG_COMPILER_GENERATE_SWIFT_ASSET_SYMBOL_EXTENSIONS = YES;
				CLANG_ANALYZER_NONNULL = YES;
				CLANG_ANALYZER_NUMBER_OBJECT_CONVERSION = YES_AGGRESSIVE;
				CLANG_CXX_LANGUAGE_STANDARD = "gnu++20";
				CLANG_ENABLE_MODULES = YES;
				CLANG_ENABLE_OBJC_ARC = YES;
				CLANG_ENABLE_OBJC_WEAK = YES;
				CLANG_WARN_BLOCK_CAPTURE_AUTORELEASING = YES;
				CLANG_WARN_BOOL_CONVERSION = YES;
				CLANG_WARN_COMMA = YES;
				CLANG_WARN_CONSTANT_CONVERSION = YES;
				CLANG_WARN_DEPRECATED_OBJC_IMPLEMENTATIONS = YES;
				CLANG_WARN_DIRECT_OBJC_ISA_USAGE = YES_ERROR;
				CLANG_WARN_DOCUMENTATION_COMMENTS = YES;
				CLANG_WARN_EMPTY_BODY = YES;
				CLANG_WARN_ENUM_CONVERSION = YES;
				CLANG_WARN_INFINITE_RECURSION = YES;
				CLANG_WARN_INT_CONVERSION = YES;
				CLANG_WARN_NON_LITERAL_NULL_CONVERSION = YES;
				CLANG_WARN_OBJC_IMPLICIT_RETAIN_SELF = YES;
				CLANG_WARN_OBJC_LITERAL_CONVERSION = YES;
				CLANG_WARN_OBJC_ROOT_CLASS = YES_ERROR;
				CLANG_WARN_QUOTED_INCLUDE_IN_FRAMEWORK_HEADER = YES;
				CLANG_WARN_RANGE_LOOP_ANALYSIS = YES;
				CLANG_WARN_STRICT_PROTOTYPES = YES;
				CLANG_WARN_SUSPICIOUS_MOVE = YES;
				CLANG_WARN_UNGUARDED_AVAILABILITY = YES_AGGRESSIVE;
				CLANG_WARN_UNREACHABLE_CODE = YES;
				CLANG_WARN__DUPLICATE_METHOD_MATCH = YES;
				COPY_PHASE_STRIP = NO;
				DEBUG_INFORMATION_FORMAT = dwarf;
				ENABLE_STRICT_OBJC_MSGSEND = YES;
				ENABLE_TESTABILITY = YES;
				ENABLE_USER_SCRIPT_SANDBOXING = YES;
				GCC_C_LANGUAGE_STANDARD = gnu17;
				GCC_DYNAMIC_NO_PIC = NO;
				GCC_NO_COMMON_BLOCKS = YES;
				GCC_OPTIMIZATION_LEVEL = 0;
				GCC_PREPROCESSOR_DEFINITIONS = (
					"DEBUG=1",
					"$(inherited)",
				);
				GCC_WARN_64_TO_32_BIT_CONVERSION = YES;
				GCC_WARN_ABOUT_RETURN_TYPE = YES_ERROR;
				GCC_WARN_UNDECLARED_SELECTOR = YES;
				GCC_WARN_UNINITIALIZED_AUTOS = YES_AGGRESSIVE;
				GCC_WARN_UNUSED_FUNCTION = YES;
				GCC_WARN_UNUSED_VARIABLE = YES;
				IPHONEOS_DEPLOYMENT_TARGET = 16.0;
				LOCALIZATION_PREFERS_STRING_CATALOGS = YES;
				MTL_ENABLE_DEBUG_INFO = INCLUDE_SOURCE;
				MTL_FAST_MATH = YES;
				ONLY_ACTIVE_ARCH = YES;
				SDKROOT = iphoneos;
				SWIFT_ACTIVE_COMPILATION_CONDITIONS = "DEBUG $(inherited)";
				SWIFT_OPTIMIZATION_LEVEL = "-Onone";
			};
			name = Debug;
		};
		55B5AB432C47C4C200250304 /* Release */ = {
			isa = XCBuildConfiguration;
			buildSettings = {
				ALWAYS_SEARCH_USER_PATHS = NO;
				ASSETCATALOG_COMPILER_GENERATE_SWIFT_ASSET_SYMBOL_EXTENSIONS = YES;
				CLANG_ANALYZER_NONNULL = YES;
				CLANG_ANALYZER_NUMBER_OBJECT_CONVERSION = YES_AGGRESSIVE;
				CLANG_CXX_LANGUAGE_STANDARD = "gnu++20";
				CLANG_ENABLE_MODULES = YES;
				CLANG_ENABLE_OBJC_ARC = YES;
				CLANG_ENABLE_OBJC_WEAK = YES;
				CLANG_WARN_BLOCK_CAPTURE_AUTORELEASING = YES;
				CLANG_WARN_BOOL_CONVERSION = YES;
				CLANG_WARN_COMMA = YES;
				CLANG_WARN_CONSTANT_CONVERSION = YES;
				CLANG_WARN_DEPRECATED_OBJC_IMPLEMENTATIONS = YES;
				CLANG_WARN_DIRECT_OBJC_ISA_USAGE = YES_ERROR;
				CLANG_WARN_DOCUMENTATION_COMMENTS = YES;
				CLANG_WARN_EMPTY_BODY = YES;
				CLANG_WARN_ENUM_CONVERSION = YES;
				CLANG_WARN_INFINITE_RECURSION = YES;
				CLANG_WARN_INT_CONVERSION = YES;
				CLANG_WARN_NON_LITERAL_NULL_CONVERSION = YES;
				CLANG_WARN_OBJC_IMPLICIT_RETAIN_SELF = YES;
				CLANG_WARN_OBJC_LITERAL_CONVERSION = YES;
				CLANG_WARN_OBJC_ROOT_CLASS = YES_ERROR;
				CLANG_WARN_QUOTED_INCLUDE_IN_FRAMEWORK_HEADER = YES;
				CLANG_WARN_RANGE_LOOP_ANALYSIS = YES;
				CLANG_WARN_STRICT_PROTOTYPES = YES;
				CLANG_WARN_SUSPICIOUS_MOVE = YES;
				CLANG_WARN_UNGUARDED_AVAILABILITY = YES_AGGRESSIVE;
				CLANG_WARN_UNREACHABLE_CODE = YES;
				CLANG_WARN__DUPLICATE_METHOD_MATCH = YES;
				COPY_PHASE_STRIP = NO;
				DEBUG_INFORMATION_FORMAT = "dwarf-with-dsym";
				ENABLE_NS_ASSERTIONS = NO;
				ENABLE_STRICT_OBJC_MSGSEND = YES;
				ENABLE_USER_SCRIPT_SANDBOXING = YES;
				GCC_C_LANGUAGE_STANDARD = gnu17;
				GCC_NO_COMMON_BLOCKS = YES;
				GCC_WARN_64_TO_32_BIT_CONVERSION = YES;
				GCC_WARN_ABOUT_RETURN_TYPE = YES_ERROR;
				GCC_WARN_UNDECLARED_SELECTOR = YES;
				GCC_WARN_UNINITIALIZED_AUTOS = YES_AGGRESSIVE;
				GCC_WARN_UNUSED_FUNCTION = YES;
				GCC_WARN_UNUSED_VARIABLE = YES;
				IPHONEOS_DEPLOYMENT_TARGET = 16.0;
				LOCALIZATION_PREFERS_STRING_CATALOGS = YES;
				MTL_ENABLE_DEBUG_INFO = NO;
				MTL_FAST_MATH = YES;
				SDKROOT = iphoneos;
				SWIFT_COMPILATION_MODE = wholemodule;
				VALIDATE_PRODUCT = YES;
			};
			name = Release;
		};
		55B5AB452C47C4C200250304 /* Debug */ = {
			isa = XCBuildConfiguration;
			buildSettings = {
				ASSETCATALOG_COMPILER_APPICON_NAME = AppIcon;
				ASSETCATALOG_COMPILER_GLOBAL_ACCENT_COLOR_NAME = AccentColor;
				CODE_SIGN_STYLE = Automatic;
				CURRENT_PROJECT_VERSION = 1;
				DEVELOPMENT_TEAM = 483R2RBHL2;
				GENERATE_INFOPLIST_FILE = YES;
				INFOPLIST_FILE = RickAndMortyCharacters/Resources/Info.plist;
				INFOPLIST_KEY_CFBundleDisplayName = "Rick & Morty: Characters";
				INFOPLIST_KEY_UIApplicationSupportsIndirectInputEvents = YES;
				INFOPLIST_KEY_UILaunchStoryboardName = LaunchScreen;
				INFOPLIST_KEY_UISupportedInterfaceOrientations = UIInterfaceOrientationPortrait;
				IPHONEOS_DEPLOYMENT_TARGET = 16.0;
				LD_RUNPATH_SEARCH_PATHS = (
					"$(inherited)",
					"@executable_path/Frameworks",
				);
				MARKETING_VERSION = 1.0;
				PRODUCT_BUNDLE_IDENTIFIER = IgorPustylnik.RickAndMortyCharacters;
				PRODUCT_NAME = "$(TARGET_NAME)";
				SUPPORTED_PLATFORMS = "iphoneos iphonesimulator";
				SUPPORTS_MACCATALYST = NO;
				SUPPORTS_MAC_DESIGNED_FOR_IPHONE_IPAD = NO;
				SUPPORTS_XR_DESIGNED_FOR_IPHONE_IPAD = NO;
				SWIFT_EMIT_LOC_STRINGS = YES;
				SWIFT_VERSION = 5.0;
				TARGETED_DEVICE_FAMILY = "1,2";
			};
			name = Debug;
		};
		55B5AB462C47C4C200250304 /* Release */ = {
			isa = XCBuildConfiguration;
			buildSettings = {
				ASSETCATALOG_COMPILER_APPICON_NAME = AppIcon;
				ASSETCATALOG_COMPILER_GLOBAL_ACCENT_COLOR_NAME = AccentColor;
				CODE_SIGN_STYLE = Automatic;
				CURRENT_PROJECT_VERSION = 1;
				DEVELOPMENT_TEAM = 483R2RBHL2;
				GENERATE_INFOPLIST_FILE = YES;
				INFOPLIST_FILE = RickAndMortyCharacters/Resources/Info.plist;
				INFOPLIST_KEY_CFBundleDisplayName = "Rick & Morty: Characters";
				INFOPLIST_KEY_UIApplicationSupportsIndirectInputEvents = YES;
				INFOPLIST_KEY_UILaunchStoryboardName = LaunchScreen;
				INFOPLIST_KEY_UISupportedInterfaceOrientations = UIInterfaceOrientationPortrait;
				IPHONEOS_DEPLOYMENT_TARGET = 16.0;
				LD_RUNPATH_SEARCH_PATHS = (
					"$(inherited)",
					"@executable_path/Frameworks",
				);
				MARKETING_VERSION = 1.0;
				PRODUCT_BUNDLE_IDENTIFIER = IgorPustylnik.RickAndMortyCharacters;
				PRODUCT_NAME = "$(TARGET_NAME)";
				SUPPORTED_PLATFORMS = "iphoneos iphonesimulator";
				SUPPORTS_MACCATALYST = NO;
				SUPPORTS_MAC_DESIGNED_FOR_IPHONE_IPAD = NO;
				SUPPORTS_XR_DESIGNED_FOR_IPHONE_IPAD = NO;
				SWIFT_EMIT_LOC_STRINGS = YES;
				SWIFT_VERSION = 5.0;
				TARGETED_DEVICE_FAMILY = "1,2";
			};
			name = Release;
		};
/* End XCBuildConfiguration section */

/* Begin XCConfigurationList section */
		55B5AB2B2C47C4BE00250304 /* Build configuration list for PBXProject "RickAndMortyCharacters" */ = {
			isa = XCConfigurationList;
			buildConfigurations = (
				55B5AB422C47C4C200250304 /* Debug */,
				55B5AB432C47C4C200250304 /* Release */,
			);
			defaultConfigurationIsVisible = 0;
			defaultConfigurationName = Release;
		};
		55B5AB442C47C4C200250304 /* Build configuration list for PBXNativeTarget "RickAndMortyCharacters" */ = {
			isa = XCConfigurationList;
			buildConfigurations = (
				55B5AB452C47C4C200250304 /* Debug */,
				55B5AB462C47C4C200250304 /* Release */,
			);
			defaultConfigurationIsVisible = 0;
			defaultConfigurationName = Release;
		};
/* End XCConfigurationList section */
	};
	rootObject = 55B5AB282C47C4BE00250304 /* Project object */;
}
